{
  "name": "phpEmail",
  "lockfileVersion": 3,
  "requires": true,
  "packages": {
    "": {
      "dependencies": {
        "candymint": "^0.0.2"
      }
    },
    "node_modules/candymint": {
      "version": "0.0.2",
      "resolved": "https://registry.npmjs.org/candymint/-/candymint-0.0.2.tgz",
      "integrity": "sha512-XJA8cPXo/hBlaHC5ZxBomChcYO+cLR+2mLp96NDxCaQ3tMrI39NdhkcVUe1WC96bULvccJarjSm4n5RYT0zxWg=="
    }
  }
}
